{
  "name": "solomoon-radio-api",
  "version": "1.0.0",
  "lockfileVersion": 3,
  "requires": true,
  "packages": {
    "": {
      "name": "solomoon-radio-api",
      "version": "1.0.0",
      "dependencies": {
        "ws": "^8.17.1"
      },
      "devDependencies": {
        "@types/node": "^20.14.2",
        "@types/ws": "^8.5.10",
        "ts-node": "^10.9.2",
        "typescript": "^5.4.5"
      }
    },
    "node_modules/@types/node": {
      "version": "20.14.2",
      "resolved": "https://registry.npmjs.org/@types/node/-/node-20.14.2.tgz",
      "integrity": "sha512-xyu6WAMVwv6AKFLB+e/7eSvF8yS5+C+q7Y/K3+eTDp8agApFqpgCAKDwYUWW5Skok9PZIAYxE1ud/8KV+qznA=="
    },
    "node_modules/@types/ws": {
      "version": "8.5.10",
      "resolved": "https://registry.npmjs.org/@types/ws/-/ws-8.5.10.tgz",
      "integrity": "sha512-vmQSUcfalpIsToCBoMRUaSLS7dkxgXtfevDSUUcNy50ro+wXC1DCUt4SmDCSYD7QuJ6ycomposed7lVfYChristQ==",
      "dev": true,
      "dependencies": {
        "@types/node": "*"
      }
    },
    "node_modules/typescript": {
      "version": "5.4.5",
      "resolved": "https://registry.npmjs.org/typescript/-/typescript-5.4.5.tgz",
      "integrity": "sha512-vcI4sSsTfoVItDtsinPowSte5zTmLnGlERkaJ1DM0qVfKghVjeERcrNbpq/3F8ocVmYHlagVCVI5MysVP/YycA==",
      "dev": true,
      "bin": {
        "tsc": "bin/tsc",
        "tsserver": "bin/tsserver"
      },
      "engines": {
        "node": ">=14.17"
      }
    },
    "node_modules/ts-node": {
      "version": "10.9.2",
      "resolved": "https://registry.npmjs.org/ts-node/-/ts-node-10.9.2.tgz",
      "integrity": "sha512-UeVwnVEftVrsajMmqznrRtWMvVR7vV7IXIxNitW+ZV5phJnV1pjwjcELA+BzCUSTb5OwO0U81Dstop7gVrTrCoA==",
      "dev": true,
      "dependencies": {
        "@cspotcode/source-map-support": "^0.8.0",
        "@tsconfig/node10": "^1.0.7",
        "@tsconfig/node12": "^1.0.7",
        "@tsconfig/node14": "^1.0.0",
        "@tsconfig/node16": "^1.0.2",
        "acorn": "^8.4.1",
        "acorn-walk": "^8.1.1",
        "arg": "^4.1.0",
        "create-require": "^1.1.0",
        "diff": "^4.0.1",
        "make-error": "^1.1.1",
        "v8-compile-cache-lib": "^8.0.0",
        "yn": "3.1.1"
      },
      "bin": {
        "ts-node": "dist/index.js",
        "ts-node-cwd": "dist/bin.js",
        "ts-node-esm": "dist/bin-esm.js",
        "ts-node-script": "dist/bin-script.js",
        "ts-node-transpile-only": "dist/bin-transpile.js"
      },
      "engines": {
        "node": ">=14.17"
      }
    },
    "node_modules/ws": {
      "version": "8.17.1",
      "resolved": "https://registry.npmjs.org/ws/-/ws-8.17.1.tgz",
      "integrity": "sha512-6XQFvXTkbfgoLbyXQecdIqxdLRcI5/Hhy3CFnT4K51MxN7YwIawDun8l7qVVu8Aldbbf1q1KBSDkDMotc6+csA==",
      "engines": {
        "node": ">=10.0.0"
      },
      "peerDependencies": {
        "bufferutil": "^4.0.8",
        "utf-8-validate": ">=5.0.2"
      },
      "peerDependenciesOptional": true
    }
  }
}
